
Microsoft Visual Studio Solution File, Format Version 12.00
# Visual Studio Version 16
VisualStudioVersion = 16.0.810.23
MinimumVisualStudioVersion = 10.0.40219.1
Project("{FAE04EC0-301F-11D3-BF4B-00C04F79EFBC}") = "CSharp_Day001_BandNameGenerator", "CSharp_Day001_BandNameGenerator\CSharp_Day001_BandNameGenerator.csproj", "{56C4559E-02CF-46A6-B86F-2F867A09DEF0}"
EndProject
Global
	GlobalSection(SolutionConfigurationPlatforms) = preSolution
		Debug|Any CPU = Debug|Any CPU
		Release|Any CPU = Release|Any CPU
	EndGlobalSection
	GlobalSection(ProjectConfigurationPlatforms) = postSolution
		{56C4559E-02CF-46A6-B86F-2F867A09DEF0}.Debug|Any CPU.ActiveCfg = Debug|Any CPU
		{56C4559E-02CF-46A6-B86F-2F867A09DEF0}.Debug|Any CPU.Build.0 = Debug|Any CPU
		{56C4559E-02CF-46A6-B86F-2F867A09DEF0}.Release|Any CPU.ActiveCfg = Release|Any CPU
		{56C4559E-02CF-46A6-B86F-2F867A09DEF0}.Release|Any CPU.Build.0 = Release|Any CPU
	EndGlobalSection
	GlobalSection(SolutionProperties) = preSolution
		HideSolutionNode = FALSE
	EndGlobalSection
	GlobalSection(ExtensibilityGlobals) = postSolution
		SolutionGuid = {A3C46CA7-8544-481F-A372-32226660DD88}
	EndGlobalSection
EndGlobal
